
Microsoft Visual Studio Solution File, Format Version 12.00
# Visual Studio Version 16
VisualStudioVersion = 16.0.30907.101
MinimumVisualStudioVersion = 10.0.40219.1
Project("{FAE04EC0-301F-11D3-BF4B-00C04F79EFBC}") = "TimerKomponenta", "TimerKomponenta\TimerKomponenta.csproj", "{37180A96-78C3-4946-9716-0F154559C7DF}"
EndProject
Global
	GlobalSection(SolutionConfigurationPlatforms) = preSolution
		Debug|Any CPU = Debug|Any CPU
		Release|Any CPU = Release|Any CPU
	EndGlobalSection
	GlobalSection(ProjectConfigurationPlatforms) = postSolution
		{37180A96-78C3-4946-9716-0F154559C7DF}.Debug|Any CPU.ActiveCfg = Debug|Any CPU
		{37180A96-78C3-4946-9716-0F154559C7DF}.Debug|Any CPU.Build.0 = Debug|Any CPU
		{37180A96-78C3-4946-9716-0F154559C7DF}.Release|Any CPU.ActiveCfg = Release|Any CPU
		{37180A96-78C3-4946-9716-0F154559C7DF}.Release|Any CPU.Build.0 = Release|Any CPU
	EndGlobalSection
	GlobalSection(SolutionProperties) = preSolution
		HideSolutionNode = FALSE
	EndGlobalSection
	GlobalSection(ExtensibilityGlobals) = postSolution
		SolutionGuid = {833AF3C6-08E5-4F47-82DD-23F2A3205D6A}
	EndGlobalSection
EndGlobal
